
Microsoft Visual Studio Solution File, Format Version 12.00
# Visual Studio Version 17
VisualStudioVersion = 17.5.33424.131
MinimumVisualStudioVersion = 10.0.40219.1
Project("{FAE04EC0-301F-11D3-BF4B-00C04F79EFBC}") = "TwoFAApp", "TwoFAApp\TwoFAApp.csproj", "{F9B2FE78-ED01-453B-9E7A-127DAC487F4F}"
EndProject
Project("{FAE04EC0-301F-11D3-BF4B-00C04F79EFBC}") = "TwoFAAPI", "TwoFAAPI\TwoFAAPI.csproj", "{098D646F-DD0B-4DA7-8E98-1519E8CF1F5F}"
EndProject
Global
	GlobalSection(SolutionConfigurationPlatforms) = preSolution
		Debug|Any CPU = Debug|Any CPU
		Release|Any CPU = Release|Any CPU
	EndGlobalSection
	GlobalSection(ProjectConfigurationPlatforms) = postSolution
		{F9B2FE78-ED01-453B-9E7A-127DAC487F4F}.Debug|Any CPU.ActiveCfg = Debug|Any CPU
		{F9B2FE78-ED01-453B-9E7A-127DAC487F4F}.Debug|Any CPU.Build.0 = Debug|Any CPU
		{F9B2FE78-ED01-453B-9E7A-127DAC487F4F}.Release|Any CPU.ActiveCfg = Release|Any CPU
		{F9B2FE78-ED01-453B-9E7A-127DAC487F4F}.Release|Any CPU.Build.0 = Release|Any CPU
		{098D646F-DD0B-4DA7-8E98-1519E8CF1F5F}.Debug|Any CPU.ActiveCfg = Debug|Any CPU
		{098D646F-DD0B-4DA7-8E98-1519E8CF1F5F}.Debug|Any CPU.Build.0 = Debug|Any CPU
		{098D646F-DD0B-4DA7-8E98-1519E8CF1F5F}.Release|Any CPU.ActiveCfg = Release|Any CPU
		{098D646F-DD0B-4DA7-8E98-1519E8CF1F5F}.Release|Any CPU.Build.0 = Release|Any CPU
	EndGlobalSection
	GlobalSection(SolutionProperties) = preSolution
		HideSolutionNode = FALSE
	EndGlobalSection
	GlobalSection(ExtensibilityGlobals) = postSolution
		SolutionGuid = {EE43C6E6-5F78-4716-B578-A03392D222B0}
	EndGlobalSection
EndGlobal
